
Microsoft Visual Studio Solution File, Format Version 12.00
# Visual Studio Version 17
VisualStudioVersion = 17.9.34902.65
MinimumVisualStudioVersion = 10.0.40219.1
Project("{9A19103F-16F7-4668-BE54-9A1E7A4F7556}") = "LinearSearch", "LinearSearch\LinearSearch.csproj", "{7030BFBD-6639-45F1-AEDD-20FA5BC0F2F5}"
EndProject
Project("{FAE04EC0-301F-11D3-BF4B-00C04F79EFBC}") = "BinarySearch", "BinarySearch\BinarySearch.csproj", "{CFE43132-F38A-4E82-857B-78840561D22F}"
EndProject
Global
	GlobalSection(SolutionConfigurationPlatforms) = preSolution
		Debug|Any CPU = Debug|Any CPU
		Release|Any CPU = Release|Any CPU
	EndGlobalSection
	GlobalSection(ProjectConfigurationPlatforms) = postSolution
		{7030BFBD-6639-45F1-AEDD-20FA5BC0F2F5}.Debug|Any CPU.ActiveCfg = Debug|Any CPU
		{7030BFBD-6639-45F1-AEDD-20FA5BC0F2F5}.Debug|Any CPU.Build.0 = Debug|Any CPU
		{7030BFBD-6639-45F1-AEDD-20FA5BC0F2F5}.Release|Any CPU.ActiveCfg = Release|Any CPU
		{7030BFBD-6639-45F1-AEDD-20FA5BC0F2F5}.Release|Any CPU.Build.0 = Release|Any CPU
		{CFE43132-F38A-4E82-857B-78840561D22F}.Debug|Any CPU.ActiveCfg = Debug|Any CPU
		{CFE43132-F38A-4E82-857B-78840561D22F}.Debug|Any CPU.Build.0 = Debug|Any CPU
		{CFE43132-F38A-4E82-857B-78840561D22F}.Release|Any CPU.ActiveCfg = Release|Any CPU
		{CFE43132-F38A-4E82-857B-78840561D22F}.Release|Any CPU.Build.0 = Release|Any CPU
	EndGlobalSection
	GlobalSection(SolutionProperties) = preSolution
		HideSolutionNode = FALSE
	EndGlobalSection
	GlobalSection(ExtensibilityGlobals) = postSolution
		SolutionGuid = {B86CE97B-5104-4245-AD71-5981718FC312}
	EndGlobalSection
EndGlobal
